// !$*UTF8*$!
{
	archiveVersion = 1;
	classes = {
	};
	objectVersion = 52;
	objects = {

/* Begin PBXBuildFile section */
		020C5B6526A6813300CF8ABB /* PickerInput.swift in Sources */ = {isa = PBXBuildFile; fileRef = 020C5B6426A6813300CF8ABB /* PickerInput.swift */; };
		0219580F269FCDD200AB4D22 /* Hud.swift in Sources */ = {isa = PBXBuildFile; fileRef = 0219580E269FCDD200AB4D22 /* Hud.swift */; };
		02195812269FCE6000AB4D22 /* ActivityIndicatorView in Frameworks */ = {isa = PBXBuildFile; productRef = 02195811269FCE6000AB4D22 /* ActivityIndicatorView */; };
		02195817269FE0A000AB4D22 /* LocalStore.swift in Sources */ = {isa = PBXBuildFile; fileRef = 02195816269FE0A000AB4D22 /* LocalStore.swift */; };
		0219581A269FEC1700AB4D22 /* SettingView.swift in Sources */ = {isa = PBXBuildFile; fileRef = 02195819269FEC1700AB4D22 /* SettingView.swift */; };
		0219581C269FEC8000AB4D22 /* SettingTCA.swift in Sources */ = {isa = PBXBuildFile; fileRef = 0219581B269FEC8000AB4D22 /* SettingTCA.swift */; };
		021E092726ABF0E7000C6B8F /* Invoice.swift in Sources */ = {isa = PBXBuildFile; fileRef = 021E092626ABF0E7000C6B8F /* Invoice.swift */; };
		021E092D26ABFAAC000C6B8F /* InvoiceCell.swift in Sources */ = {isa = PBXBuildFile; fileRef = 021E092C26ABFAAC000C6B8F /* InvoiceCell.swift */; };
		021FF958269F2F6200FF55C1 /* FirebaseAuth in Frameworks */ = {isa = PBXBuildFile; productRef = 021FF957269F2F6200FF55C1 /* FirebaseAuth */; };
		021FF95A269F2FB400FF55C1 /* SignInView.swift in Sources */ = {isa = PBXBuildFile; fileRef = 021FF959269F2FB400FF55C1 /* SignInView.swift */; };
		021FF95C269F31A200FF55C1 /* SignInTCA.swift in Sources */ = {isa = PBXBuildFile; fileRef = 021FF95B269F31A200FF55C1 /* SignInTCA.swift */; };
		021FF95F269F38DA00FF55C1 /* TextFieldInput.swift in Sources */ = {isa = PBXBuildFile; fileRef = 021FF95E269F38DA00FF55C1 /* TextFieldInput.swift */; };
		021FF961269F39CA00FF55C1 /* ActionButton.swift in Sources */ = {isa = PBXBuildFile; fileRef = 021FF960269F39CA00FF55C1 /* ActionButton.swift */; };
		021FF964269F45EF00FF55C1 /* PhoneNumber.swift in Sources */ = {isa = PBXBuildFile; fileRef = 021FF963269F45EF00FF55C1 /* PhoneNumber.swift */; };
		021FF967269F4CF100FF55C1 /* PinCodeInputView.swift in Sources */ = {isa = PBXBuildFile; fileRef = 021FF966269F4CF100FF55C1 /* PinCodeInputView.swift */; };
		021FF969269F52FE00FF55C1 /* Error.swift in Sources */ = {isa = PBXBuildFile; fileRef = 021FF968269F52FE00FF55C1 /* Error.swift */; };
		021FF96C269F557600FF55C1 /* String.swift in Sources */ = {isa = PBXBuildFile; fileRef = 021FF96B269F557600FF55C1 /* String.swift */; };
		021FF96E269F557E00FF55C1 /* Int.swift in Sources */ = {isa = PBXBuildFile; fileRef = 021FF96D269F557E00FF55C1 /* Int.swift */; };
		02362F4B26A5685E0001AA10 /* NavigationLink+Store.swift in Sources */ = {isa = PBXBuildFile; fileRef = 02362F4A26A5685E0001AA10 /* NavigationLink+Store.swift */; };
		02362F4D26A568E00001AA10 /* ReplayNonNil.swift in Sources */ = {isa = PBXBuildFile; fileRef = 02362F4C26A568E00001AA10 /* ReplayNonNil.swift */; };
		0241DC7426A2E60500AFA313 /* app.graphql in Resources */ = {isa = PBXBuildFile; fileRef = 0241DC7326A2E60500AFA313 /* app.graphql */; };
		0241DC7626A2E61E00AFA313 /* schema.json in Resources */ = {isa = PBXBuildFile; fileRef = 0241DC7526A2E61E00AFA313 /* schema.json */; };
		0241DC7826A2E90800AFA313 /* API.swift in Sources */ = {isa = PBXBuildFile; fileRef = 0241DC7726A2E90800AFA313 /* API.swift */; };
		0241DC7B26A2EB8900AFA313 /* GraphQLClient.swift in Sources */ = {isa = PBXBuildFile; fileRef = 0241DC7A26A2EB8900AFA313 /* GraphQLClient.swift */; };
		0241DC7D26A2EE9500AFA313 /* Apollo in Frameworks */ = {isa = PBXBuildFile; productRef = 0241DC7C26A2EE9500AFA313 /* Apollo */; };
		0242C22F269F0EB300F3D002 /* GoogleService-Info.plist in Resources */ = {isa = PBXBuildFile; fileRef = 0242C22E269F0EB300F3D002 /* GoogleService-Info.plist */; };
		026E551726A4444D00295866 /* SupplierDetailTCA.swift in Sources */ = {isa = PBXBuildFile; fileRef = 026E551626A4444D00295866 /* SupplierDetailTCA.swift */; };
		026E551926A4446400295866 /* SupplierDetailView.swift in Sources */ = {isa = PBXBuildFile; fileRef = 026E551826A4446400295866 /* SupplierDetailView.swift */; };
		026E551B26A444BC00295866 /* SupplierCreateTCA.swift in Sources */ = {isa = PBXBuildFile; fileRef = 026E551A26A444BC00295866 /* SupplierCreateTCA.swift */; };
		026E551D26A444C900295866 /* SupplierEditTCA.swift in Sources */ = {isa = PBXBuildFile; fileRef = 026E551C26A444C900295866 /* SupplierEditTCA.swift */; };
		026E551F26A4450E00295866 /* SupplierCreateView.swift in Sources */ = {isa = PBXBuildFile; fileRef = 026E551E26A4450E00295866 /* SupplierCreateView.swift */; };
		026E552126A4451900295866 /* SupplierEditView.swift in Sources */ = {isa = PBXBuildFile; fileRef = 026E552026A4451900295866 /* SupplierEditView.swift */; };
		027005FF26A2FBCA004E68A1 /* ApolloAPI in Frameworks */ = {isa = PBXBuildFile; productRef = 027005FE26A2FBCA004E68A1 /* ApolloAPI */; };
		0270060126A310D1004E68A1 /* Me.swift in Sources */ = {isa = PBXBuildFile; fileRef = 0270060026A310D1004E68A1 /* Me.swift */; };
		0270060526A318EE004E68A1 /* Supplier.swift in Sources */ = {isa = PBXBuildFile; fileRef = 0270060426A318EE004E68A1 /* Supplier.swift */; };
		0270060726A31A55004E68A1 /* SupplierListTCA.swift in Sources */ = {isa = PBXBuildFile; fileRef = 0270060626A31A55004E68A1 /* SupplierListTCA.swift */; };
		0270060A26A31AB7004E68A1 /* SupplierListView.swift in Sources */ = {isa = PBXBuildFile; fileRef = 0270060926A31AB7004E68A1 /* SupplierListView.swift */; };
		0270060C26A31C9D004E68A1 /* SupplierCell.swift in Sources */ = {isa = PBXBuildFile; fileRef = 0270060B26A31C9D004E68A1 /* SupplierCell.swift */; };
		0270061026A33722004E68A1 /* RefreshControl.swift in Sources */ = {isa = PBXBuildFile; fileRef = 0270060F26A33722004E68A1 /* RefreshControl.swift */; };
		0275873E26C4350800213014 /* InvoiceHistory.swift in Sources */ = {isa = PBXBuildFile; fileRef = 0275873D26C4350800213014 /* InvoiceHistory.swift */; };
		0275874126C4368A00213014 /* InvoiceHistoryListView.swift in Sources */ = {isa = PBXBuildFile; fileRef = 0275874026C4368A00213014 /* InvoiceHistoryListView.swift */; };
		0275874326C436A700213014 /* InvoiceHistoryListTCA.swift in Sources */ = {isa = PBXBuildFile; fileRef = 0275874226C436A700213014 /* InvoiceHistoryListTCA.swift */; };
		0288BE2C26A6E78300AE5324 /* MisocaOAuthView.swift in Sources */ = {isa = PBXBuildFile; fileRef = 0288BE2B26A6E78300AE5324 /* MisocaOAuthView.swift */; };
		029A140626A33CD000ACC9FF /* Menu.swift in Sources */ = {isa = PBXBuildFile; fileRef = 029A140526A33CD000ACC9FF /* Menu.swift */; };
		02ADC85B26AC0C04005A9D06 /* InvoiceDetailView.swift in Sources */ = {isa = PBXBuildFile; fileRef = 02ADC85A26AC0C04005A9D06 /* InvoiceDetailView.swift */; };
		02ADC85D26AC0C13005A9D06 /* PDFView.swift in Sources */ = {isa = PBXBuildFile; fileRef = 02ADC85C26AC0C13005A9D06 /* PDFView.swift */; };
		02ADC85F26AC0D61005A9D06 /* InvoiceDetailTCA.swift in Sources */ = {isa = PBXBuildFile; fileRef = 02ADC85E26AC0D61005A9D06 /* InvoiceDetailTCA.swift */; };
		02ADC86126AC3A57005A9D06 /* Downloader.swift in Sources */ = {isa = PBXBuildFile; fileRef = 02ADC86026AC3A56005A9D06 /* Downloader.swift */; };
		02B7019D269EEC4D00BA9937 /* WorksApp.swift in Sources */ = {isa = PBXBuildFile; fileRef = 02B7019C269EEC4D00BA9937 /* WorksApp.swift */; };
		02B701A1269EEC4F00BA9937 /* Assets.xcassets in Resources */ = {isa = PBXBuildFile; fileRef = 02B701A0269EEC4F00BA9937 /* Assets.xcassets */; };
		02B701A4269EEC4F00BA9937 /* Preview Assets.xcassets in Resources */ = {isa = PBXBuildFile; fileRef = 02B701A3269EEC4F00BA9937 /* Preview Assets.xcassets */; };
		02B701AE269EEF5500BA9937 /* ComposableArchitecture in Frameworks */ = {isa = PBXBuildFile; productRef = 02B701AD269EEF5500BA9937 /* ComposableArchitecture */; };
		02B701B5269EF08B00BA9937 /* RootView.swift in Sources */ = {isa = PBXBuildFile; fileRef = 02B701B4269EF08B00BA9937 /* RootView.swift */; };
		02B701B7269EF0B300BA9937 /* RootTCA.swift in Sources */ = {isa = PBXBuildFile; fileRef = 02B701B6269EF0B300BA9937 /* RootTCA.swift */; };
		02F2EDF026A57FF3009ABF50 /* Reducer+ReplaceNilState.swift in Sources */ = {isa = PBXBuildFile; fileRef = 02F2EDEF26A57FF3009ABF50 /* Reducer+ReplaceNilState.swift */; };
		02F2EDF226A58024009ABF50 /* Reducer+CaptureState.swift in Sources */ = {isa = PBXBuildFile; fileRef = 02F2EDF126A58024009ABF50 /* Reducer+CaptureState.swift */; };
		02F2EDF426A58054009ABF50 /* Reducer+Presents.swift in Sources */ = {isa = PBXBuildFile; fileRef = 02F2EDF326A58054009ABF50 /* Reducer+Presents.swift */; };
/* End PBXBuildFile section */

/* Begin PBXCopyFilesBuildPhase section */
		0241DC8B26A2F05400AFA313 /* Embed Frameworks */ = {
			isa = PBXCopyFilesBuildPhase;
			buildActionMask = 2147483647;
			dstPath = "";
			dstSubfolderSpec = 10;
			files = (
			);
			name = "Embed Frameworks";
			runOnlyForDeploymentPostprocessing = 0;
		};
/* End PBXCopyFilesBuildPhase section */

/* Begin PBXFileReference section */
		020C5B6426A6813300CF8ABB /* PickerInput.swift */ = {isa = PBXFileReference; lastKnownFileType = sourcecode.swift; path = PickerInput.swift; sourceTree = "<group>"; };
		0219580E269FCDD200AB4D22 /* Hud.swift */ = {isa = PBXFileReference; lastKnownFileType = sourcecode.swift; path = Hud.swift; sourceTree = "<group>"; };
		02195816269FE0A000AB4D22 /* LocalStore.swift */ = {isa = PBXFileReference; lastKnownFileType = sourcecode.swift; path = LocalStore.swift; sourceTree = "<group>"; };
		02195819269FEC1700AB4D22 /* SettingView.swift */ = {isa = PBXFileReference; lastKnownFileType = sourcecode.swift; path = SettingView.swift; sourceTree = "<group>"; };
		0219581B269FEC8000AB4D22 /* SettingTCA.swift */ = {isa = PBXFileReference; lastKnownFileType = sourcecode.swift; path = SettingTCA.swift; sourceTree = "<group>"; };
		021E092626ABF0E7000C6B8F /* Invoice.swift */ = {isa = PBXFileReference; lastKnownFileType = sourcecode.swift; path = Invoice.swift; sourceTree = "<group>"; };
		021E092C26ABFAAC000C6B8F /* InvoiceCell.swift */ = {isa = PBXFileReference; lastKnownFileType = sourcecode.swift; path = InvoiceCell.swift; sourceTree = "<group>"; };
		021FF959269F2FB400FF55C1 /* SignInView.swift */ = {isa = PBXFileReference; lastKnownFileType = sourcecode.swift; path = SignInView.swift; sourceTree = "<group>"; };
		021FF95B269F31A200FF55C1 /* SignInTCA.swift */ = {isa = PBXFileReference; lastKnownFileType = sourcecode.swift; path = SignInTCA.swift; sourceTree = "<group>"; };
		021FF95E269F38DA00FF55C1 /* TextFieldInput.swift */ = {isa = PBXFileReference; lastKnownFileType = sourcecode.swift; path = TextFieldInput.swift; sourceTree = "<group>"; };
		021FF960269F39CA00FF55C1 /* ActionButton.swift */ = {isa = PBXFileReference; lastKnownFileType = sourcecode.swift; path = ActionButton.swift; sourceTree = "<group>"; };
		021FF963269F45EF00FF55C1 /* PhoneNumber.swift */ = {isa = PBXFileReference; lastKnownFileType = sourcecode.swift; path = PhoneNumber.swift; sourceTree = "<group>"; };
		021FF966269F4CF100FF55C1 /* PinCodeInputView.swift */ = {isa = PBXFileReference; lastKnownFileType = sourcecode.swift; path = PinCodeInputView.swift; sourceTree = "<group>"; };
		021FF968269F52FE00FF55C1 /* Error.swift */ = {isa = PBXFileReference; lastKnownFileType = sourcecode.swift; path = Error.swift; sourceTree = "<group>"; };
		021FF96B269F557600FF55C1 /* String.swift */ = {isa = PBXFileReference; lastKnownFileType = sourcecode.swift; path = String.swift; sourceTree = "<group>"; };
		021FF96D269F557E00FF55C1 /* Int.swift */ = {isa = PBXFileReference; lastKnownFileType = sourcecode.swift; path = Int.swift; sourceTree = "<group>"; };
		02362F4A26A5685E0001AA10 /* NavigationLink+Store.swift */ = {isa = PBXFileReference; lastKnownFileType = sourcecode.swift; path = "NavigationLink+Store.swift"; sourceTree = "<group>"; };
		02362F4C26A568E00001AA10 /* ReplayNonNil.swift */ = {isa = PBXFileReference; lastKnownFileType = sourcecode.swift; path = ReplayNonNil.swift; sourceTree = "<group>"; };
		0241DC7326A2E60500AFA313 /* app.graphql */ = {isa = PBXFileReference; lastKnownFileType = text; path = app.graphql; sourceTree = "<group>"; };
		0241DC7526A2E61E00AFA313 /* schema.json */ = {isa = PBXFileReference; fileEncoding = 4; lastKnownFileType = text.json; path = schema.json; sourceTree = "<group>"; };
		0241DC7726A2E90800AFA313 /* API.swift */ = {isa = PBXFileReference; fileEncoding = 4; lastKnownFileType = sourcecode.swift; path = API.swift; sourceTree = "<group>"; };
		0241DC7A26A2EB8900AFA313 /* GraphQLClient.swift */ = {isa = PBXFileReference; lastKnownFileType = sourcecode.swift; path = GraphQLClient.swift; sourceTree = "<group>"; };
		0242C22E269F0EB300F3D002 /* GoogleService-Info.plist */ = {isa = PBXFileReference; fileEncoding = 4; lastKnownFileType = text.plist.xml; path = "GoogleService-Info.plist"; sourceTree = "<group>"; };
		026E551626A4444D00295866 /* SupplierDetailTCA.swift */ = {isa = PBXFileReference; lastKnownFileType = sourcecode.swift; path = SupplierDetailTCA.swift; sourceTree = "<group>"; };
		026E551826A4446400295866 /* SupplierDetailView.swift */ = {isa = PBXFileReference; lastKnownFileType = sourcecode.swift; path = SupplierDetailView.swift; sourceTree = "<group>"; };
		026E551A26A444BC00295866 /* SupplierCreateTCA.swift */ = {isa = PBXFileReference; lastKnownFileType = sourcecode.swift; path = SupplierCreateTCA.swift; sourceTree = "<group>"; };
		026E551C26A444C900295866 /* SupplierEditTCA.swift */ = {isa = PBXFileReference; lastKnownFileType = sourcecode.swift; path = SupplierEditTCA.swift; sourceTree = "<group>"; };
		026E551E26A4450E00295866 /* SupplierCreateView.swift */ = {isa = PBXFileReference; lastKnownFileType = sourcecode.swift; path = SupplierCreateView.swift; sourceTree = "<group>"; };
		026E552026A4451900295866 /* SupplierEditView.swift */ = {isa = PBXFileReference; lastKnownFileType = sourcecode.swift; path = SupplierEditView.swift; sourceTree = "<group>"; };
		0270060026A310D1004E68A1 /* Me.swift */ = {isa = PBXFileReference; lastKnownFileType = sourcecode.swift; path = Me.swift; sourceTree = "<group>"; };
		0270060426A318EE004E68A1 /* Supplier.swift */ = {isa = PBXFileReference; lastKnownFileType = sourcecode.swift; path = Supplier.swift; sourceTree = "<group>"; };
		0270060626A31A55004E68A1 /* SupplierListTCA.swift */ = {isa = PBXFileReference; lastKnownFileType = sourcecode.swift; path = SupplierListTCA.swift; sourceTree = "<group>"; };
		0270060926A31AB7004E68A1 /* SupplierListView.swift */ = {isa = PBXFileReference; lastKnownFileType = sourcecode.swift; path = SupplierListView.swift; sourceTree = "<group>"; };
		0270060B26A31C9D004E68A1 /* SupplierCell.swift */ = {isa = PBXFileReference; lastKnownFileType = sourcecode.swift; path = SupplierCell.swift; sourceTree = "<group>"; };
		0270060F26A33722004E68A1 /* RefreshControl.swift */ = {isa = PBXFileReference; lastKnownFileType = sourcecode.swift; path = RefreshControl.swift; sourceTree = "<group>"; };
		0275873D26C4350800213014 /* InvoiceHistory.swift */ = {isa = PBXFileReference; lastKnownFileType = sourcecode.swift; path = InvoiceHistory.swift; sourceTree = "<group>"; };
		0275874026C4368A00213014 /* InvoiceHistoryListView.swift */ = {isa = PBXFileReference; lastKnownFileType = sourcecode.swift; path = InvoiceHistoryListView.swift; sourceTree = "<group>"; };
		0275874226C436A700213014 /* InvoiceHistoryListTCA.swift */ = {isa = PBXFileReference; lastKnownFileType = sourcecode.swift; path = InvoiceHistoryListTCA.swift; sourceTree = "<group>"; };
		0288BE2B26A6E78300AE5324 /* MisocaOAuthView.swift */ = {isa = PBXFileReference; lastKnownFileType = sourcecode.swift; path = MisocaOAuthView.swift; sourceTree = "<group>"; };
		029A140526A33CD000ACC9FF /* Menu.swift */ = {isa = PBXFileReference; lastKnownFileType = sourcecode.swift; path = Menu.swift; sourceTree = "<group>"; };
		02ADC85A26AC0C04005A9D06 /* InvoiceDetailView.swift */ = {isa = PBXFileReference; lastKnownFileType = sourcecode.swift; path = InvoiceDetailView.swift; sourceTree = "<group>"; };
		02ADC85C26AC0C13005A9D06 /* PDFView.swift */ = {isa = PBXFileReference; lastKnownFileType = sourcecode.swift; path = PDFView.swift; sourceTree = "<group>"; };
		02ADC85E26AC0D61005A9D06 /* InvoiceDetailTCA.swift */ = {isa = PBXFileReference; lastKnownFileType = sourcecode.swift; path = InvoiceDetailTCA.swift; sourceTree = "<group>"; };
		02ADC86026AC3A56005A9D06 /* Downloader.swift */ = {isa = PBXFileReference; lastKnownFileType = sourcecode.swift; path = Downloader.swift; sourceTree = "<group>"; };
		02B7019C269EEC4D00BA9937 /* WorksApp.swift */ = {isa = PBXFileReference; lastKnownFileType = sourcecode.swift; path = WorksApp.swift; sourceTree = "<group>"; };
		02B701A0269EEC4F00BA9937 /* Assets.xcassets */ = {isa = PBXFileReference; lastKnownFileType = folder.assetcatalog; path = Assets.xcassets; sourceTree = "<group>"; };
		02B701A3269EEC4F00BA9937 /* Preview Assets.xcassets */ = {isa = PBXFileReference; lastKnownFileType = folder.assetcatalog; path = "Preview Assets.xcassets"; sourceTree = "<group>"; };
		02B701A5269EEC4F00BA9937 /* Info.plist */ = {isa = PBXFileReference; lastKnownFileType = text.plist.xml; path = Info.plist; sourceTree = "<group>"; };
		02B701B4269EF08B00BA9937 /* RootView.swift */ = {isa = PBXFileReference; lastKnownFileType = sourcecode.swift; path = RootView.swift; sourceTree = "<group>"; };
		02B701B6269EF0B300BA9937 /* RootTCA.swift */ = {isa = PBXFileReference; lastKnownFileType = sourcecode.swift; path = RootTCA.swift; sourceTree = "<group>"; };
		02E558DB269F21A600A8AE55 /* Works.app */ = {isa = PBXFileReference; explicitFileType = wrapper.application; includeInIndex = 0; path = Works.app; sourceTree = BUILT_PRODUCTS_DIR; };
		02F2EDEF26A57FF3009ABF50 /* Reducer+ReplaceNilState.swift */ = {isa = PBXFileReference; lastKnownFileType = sourcecode.swift; path = "Reducer+ReplaceNilState.swift"; sourceTree = "<group>"; };
		02F2EDF126A58024009ABF50 /* Reducer+CaptureState.swift */ = {isa = PBXFileReference; lastKnownFileType = sourcecode.swift; path = "Reducer+CaptureState.swift"; sourceTree = "<group>"; };
		02F2EDF326A58054009ABF50 /* Reducer+Presents.swift */ = {isa = PBXFileReference; lastKnownFileType = sourcecode.swift; path = "Reducer+Presents.swift"; sourceTree = "<group>"; };
/* End PBXFileReference section */

/* Begin PBXFrameworksBuildPhase section */
		02B70196269EEC4D00BA9937 /* Frameworks */ = {
			isa = PBXFrameworksBuildPhase;
			buildActionMask = 2147483647;
			files = (
				02B701AE269EEF5500BA9937 /* ComposableArchitecture in Frameworks */,
				0241DC7D26A2EE9500AFA313 /* Apollo in Frameworks */,
				02195812269FCE6000AB4D22 /* ActivityIndicatorView in Frameworks */,
				021FF958269F2F6200FF55C1 /* FirebaseAuth in Frameworks */,
				027005FF26A2FBCA004E68A1 /* ApolloAPI in Frameworks */,
			);
			runOnlyForDeploymentPostprocessing = 0;
		};
/* End PBXFrameworksBuildPhase section */

/* Begin PBXGroup section */
		02195815269FE08F00AB4D22 /* Infra */ = {
			isa = PBXGroup;
			children = (
				0241DC7926A2E96F00AFA313 /* GraphQL */,
				02195816269FE0A000AB4D22 /* LocalStore.swift */,
				0241DC7A26A2EB8900AFA313 /* GraphQLClient.swift */,
			);
			path = Infra;
			sourceTree = "<group>";
		};
		02195818269FEC0200AB4D22 /* Setting */ = {
			isa = PBXGroup;
			children = (
				02195819269FEC1700AB4D22 /* SettingView.swift */,
				0288BE2B26A6E78300AE5324 /* MisocaOAuthView.swift */,
			);
			path = Setting;
			sourceTree = "<group>";
		};
		021FF956269F2F6200FF55C1 /* Frameworks */ = {
			isa = PBXGroup;
			children = (
			);
			name = Frameworks;
			sourceTree = "<group>";
		};
		021FF95D269F38C500FF55C1 /* Component */ = {
			isa = PBXGroup;
			children = (
				021FF95E269F38DA00FF55C1 /* TextFieldInput.swift */,
				021FF960269F39CA00FF55C1 /* ActionButton.swift */,
				0219580E269FCDD200AB4D22 /* Hud.swift */,
				0270060F26A33722004E68A1 /* RefreshControl.swift */,
				029A140526A33CD000ACC9FF /* Menu.swift */,
				020C5B6426A6813300CF8ABB /* PickerInput.swift */,
			);
			path = Component;
			sourceTree = "<group>";
		};
		021FF962269F45DA00FF55C1 /* Model */ = {
			isa = PBXGroup;
			children = (
				021FF963269F45EF00FF55C1 /* PhoneNumber.swift */,
				021FF968269F52FE00FF55C1 /* Error.swift */,
				0270060026A310D1004E68A1 /* Me.swift */,
				0270060426A318EE004E68A1 /* Supplier.swift */,
				021E092626ABF0E7000C6B8F /* Invoice.swift */,
				0275873D26C4350800213014 /* InvoiceHistory.swift */,
			);
			path = Model;
			sourceTree = "<group>";
		};
		021FF965269F4CBB00FF55C1 /* SignIn */ = {
			isa = PBXGroup;
			children = (
				021FF959269F2FB400FF55C1 /* SignInView.swift */,
				021FF966269F4CF100FF55C1 /* PinCodeInputView.swift */,
			);
			path = SignIn;
			sourceTree = "<group>";
		};
		021FF96A269F555D00FF55C1 /* Util */ = {
			isa = PBXGroup;
			children = (
				021FF96B269F557600FF55C1 /* String.swift */,
				021FF96D269F557E00FF55C1 /* Int.swift */,
				02362F4C26A568E00001AA10 /* ReplayNonNil.swift */,
				02ADC86026AC3A56005A9D06 /* Downloader.swift */,
			);
			path = Util;
			sourceTree = "<group>";
		};
		0241DC7926A2E96F00AFA313 /* GraphQL */ = {
			isa = PBXGroup;
			children = (
				0241DC7526A2E61E00AFA313 /* schema.json */,
				0241DC7326A2E60500AFA313 /* app.graphql */,
				0241DC7726A2E90800AFA313 /* API.swift */,
			);
			path = GraphQL;
			sourceTree = "<group>";
		};
		026E551326A4441600295866 /* SupplierDetail */ = {
			isa = PBXGroup;
			children = (
				026E551826A4446400295866 /* SupplierDetailView.swift */,
				021E092C26ABFAAC000C6B8F /* InvoiceCell.swift */,
			);
			path = SupplierDetail;
			sourceTree = "<group>";
		};
		026E551426A4442200295866 /* SupplierCreate */ = {
			isa = PBXGroup;
			children = (
				026E551E26A4450E00295866 /* SupplierCreateView.swift */,
			);
			path = SupplierCreate;
			sourceTree = "<group>";
		};
		026E551526A4443200295866 /* SupplierEdit */ = {
			isa = PBXGroup;
			children = (
				026E552026A4451900295866 /* SupplierEditView.swift */,
			);
			path = SupplierEdit;
			sourceTree = "<group>";
		};
		0270060826A31AA3004E68A1 /* SupplierList */ = {
			isa = PBXGroup;
			children = (
				0270060926A31AB7004E68A1 /* SupplierListView.swift */,
				0270060B26A31C9D004E68A1 /* SupplierCell.swift */,
			);
			path = SupplierList;
			sourceTree = "<group>";
		};
		0275873F26C4366D00213014 /* InvoiceHistoryList */ = {
			isa = PBXGroup;
			children = (
				0275874026C4368A00213014 /* InvoiceHistoryListView.swift */,
			);
			path = InvoiceHistoryList;
			sourceTree = "<group>";
		};
		02ADC85926AC0BE0005A9D06 /* InvoiceDetail */ = {
			isa = PBXGroup;
			children = (
				02ADC85A26AC0C04005A9D06 /* InvoiceDetailView.swift */,
				02ADC85C26AC0C13005A9D06 /* PDFView.swift */,
			);
			path = InvoiceDetail;
			sourceTree = "<group>";
		};
		02B70190269EEC4D00BA9937 = {
			isa = PBXGroup;
			children = (
				02B7019B269EEC4D00BA9937 /* Works */,
				02E558DB269F21A600A8AE55 /* Works.app */,
				021FF956269F2F6200FF55C1 /* Frameworks */,
			);
			sourceTree = "<group>";
		};
		02B7019B269EEC4D00BA9937 /* Works */ = {
			isa = PBXGroup;
			children = (
				02195815269FE08F00AB4D22 /* Infra */,
				021FF96A269F555D00FF55C1 /* Util */,
				021FF962269F45DA00FF55C1 /* Model */,
				02B701B3269EF04B00BA9937 /* TCA */,
				02B701AF269EEF7900BA9937 /* UI */,
				02B7019C269EEC4D00BA9937 /* WorksApp.swift */,
				02B701A0269EEC4F00BA9937 /* Assets.xcassets */,
				02B701A5269EEC4F00BA9937 /* Info.plist */,
				0242C22E269F0EB300F3D002 /* GoogleService-Info.plist */,
				02B701A2269EEC4F00BA9937 /* Preview Content */,
			);
			path = Works;
			sourceTree = "<group>";
		};
		02B701A2269EEC4F00BA9937 /* Preview Content */ = {
			isa = PBXGroup;
			children = (
				02B701A3269EEC4F00BA9937 /* Preview Assets.xcassets */,
			);
			path = "Preview Content";
			sourceTree = "<group>";
		};
		02B701AF269EEF7900BA9937 /* UI */ = {
			isa = PBXGroup;
			children = (
				021FF95D269F38C500FF55C1 /* Component */,
				0270060826A31AA3004E68A1 /* SupplierList */,
				026E551326A4441600295866 /* SupplierDetail */,
				026E551426A4442200295866 /* SupplierCreate */,
				026E551526A4443200295866 /* SupplierEdit */,
				02ADC85926AC0BE0005A9D06 /* InvoiceDetail */,
				0275873F26C4366D00213014 /* InvoiceHistoryList */,
				02195818269FEC0200AB4D22 /* Setting */,
				021FF965269F4CBB00FF55C1 /* SignIn */,
				02B701B4269EF08B00BA9937 /* RootView.swift */,
			);
			path = UI;
			sourceTree = "<group>";
		};
		02B701B3269EF04B00BA9937 /* TCA */ = {
			isa = PBXGroup;
			children = (
				02362F4A26A5685E0001AA10 /* NavigationLink+Store.swift */,
				02F2EDEF26A57FF3009ABF50 /* Reducer+ReplaceNilState.swift */,
				02F2EDF126A58024009ABF50 /* Reducer+CaptureState.swift */,
				02F2EDF326A58054009ABF50 /* Reducer+Presents.swift */,
				02B701B6269EF0B300BA9937 /* RootTCA.swift */,
				021FF95B269F31A200FF55C1 /* SignInTCA.swift */,
				0219581B269FEC8000AB4D22 /* SettingTCA.swift */,
				0270060626A31A55004E68A1 /* SupplierListTCA.swift */,
				026E551626A4444D00295866 /* SupplierDetailTCA.swift */,
				026E551A26A444BC00295866 /* SupplierCreateTCA.swift */,
				026E551C26A444C900295866 /* SupplierEditTCA.swift */,
				02ADC85E26AC0D61005A9D06 /* InvoiceDetailTCA.swift */,
				0275874226C436A700213014 /* InvoiceHistoryListTCA.swift */,
			);
			path = TCA;
			sourceTree = "<group>";
		};
/* End PBXGroup section */

/* Begin PBXNativeTarget section */
		02B70198269EEC4D00BA9937 /* Works */ = {
			isa = PBXNativeTarget;
			buildConfigurationList = 02B701A8269EEC4F00BA9937 /* Build configuration list for PBXNativeTarget "Works" */;
			buildPhases = (
				02B70195269EEC4D00BA9937 /* Sources */,
				02B70196269EEC4D00BA9937 /* Frameworks */,
				02B70197269EEC4D00BA9937 /* Resources */,
				0241DC8B26A2F05400AFA313 /* Embed Frameworks */,
			);
			buildRules = (
			);
			dependencies = (
			);
			name = Works;
			packageProductDependencies = (
				02B701AD269EEF5500BA9937 /* ComposableArchitecture */,
				021FF957269F2F6200FF55C1 /* FirebaseAuth */,
				02195811269FCE6000AB4D22 /* ActivityIndicatorView */,
				0241DC7C26A2EE9500AFA313 /* Apollo */,
				027005FE26A2FBCA004E68A1 /* ApolloAPI */,
			);
			productName = Works;
			productReference = 02E558DB269F21A600A8AE55 /* Works.app */;
			productType = "com.apple.product-type.application";
		};
/* End PBXNativeTarget section */

/* Begin PBXProject section */
		02B70191269EEC4D00BA9937 /* Project object */ = {
			isa = PBXProject;
			attributes = {
				LastSwiftUpdateCheck = 1250;
				LastUpgradeCheck = 1250;
				TargetAttributes = {
					02B70198269EEC4D00BA9937 = {
						CreatedOnToolsVersion = 12.5.1;
					};
				};
			};
			buildConfigurationList = 02B70194269EEC4D00BA9937 /* Build configuration list for PBXProject "Works" */;
			compatibilityVersion = "Xcode 9.3";
			developmentRegion = en;
			hasScannedForEncodings = 0;
			knownRegions = (
				en,
				Base,
				ja,
			);
			mainGroup = 02B70190269EEC4D00BA9937;
			packageReferences = (
				02B701AC269EEF5500BA9937 /* XCRemoteSwiftPackageReference "swift-composable-architecture" */,
				021FF955269F2F2700FF55C1 /* XCRemoteSwiftPackageReference "firebase-ios-sdk" */,
				02195810269FCE6000AB4D22 /* XCRemoteSwiftPackageReference "ActivityIndicatorView" */,
				023FCEEF26A0786B00EFF51A /* XCRemoteSwiftPackageReference "apollo-ios" */,
			);
			productRefGroup = 02B70190269EEC4D00BA9937;
			projectDirPath = "";
			projectRoot = "";
			targets = (
				02B70198269EEC4D00BA9937 /* Works */,
			);
		};
/* End PBXProject section */

/* Begin PBXResourcesBuildPhase section */
		02B70197269EEC4D00BA9937 /* Resources */ = {
			isa = PBXResourcesBuildPhase;
			buildActionMask = 2147483647;
			files = (
				0241DC7426A2E60500AFA313 /* app.graphql in Resources */,
				0241DC7626A2E61E00AFA313 /* schema.json in Resources */,
				02B701A4269EEC4F00BA9937 /* Preview Assets.xcassets in Resources */,
				02B701A1269EEC4F00BA9937 /* Assets.xcassets in Resources */,
				0242C22F269F0EB300F3D002 /* GoogleService-Info.plist in Resources */,
			);
			runOnlyForDeploymentPostprocessing = 0;
		};
/* End PBXResourcesBuildPhase section */

/* Begin PBXSourcesBuildPhase section */
		02B70195269EEC4D00BA9937 /* Sources */ = {
			isa = PBXSourcesBuildPhase;
			buildActionMask = 2147483647;
			files = (
				02B701B5269EF08B00BA9937 /* RootView.swift in Sources */,
				0241DC7826A2E90800AFA313 /* API.swift in Sources */,
				02ADC85D26AC0C13005A9D06 /* PDFView.swift in Sources */,
				0270060C26A31C9D004E68A1 /* SupplierCell.swift in Sources */,
				02ADC85F26AC0D61005A9D06 /* InvoiceDetailTCA.swift in Sources */,
				021FF96C269F557600FF55C1 /* String.swift in Sources */,
				026E552126A4451900295866 /* SupplierEditView.swift in Sources */,
				021FF967269F4CF100FF55C1 /* PinCodeInputView.swift in Sources */,
				0288BE2C26A6E78300AE5324 /* MisocaOAuthView.swift in Sources */,
				02ADC85B26AC0C04005A9D06 /* InvoiceDetailView.swift in Sources */,
				0275873E26C4350800213014 /* InvoiceHistory.swift in Sources */,
				026E551926A4446400295866 /* SupplierDetailView.swift in Sources */,
				02F2EDF226A58024009ABF50 /* Reducer+CaptureState.swift in Sources */,
				0241DC7B26A2EB8900AFA313 /* GraphQLClient.swift in Sources */,
				021FF96E269F557E00FF55C1 /* Int.swift in Sources */,
				026E551B26A444BC00295866 /* SupplierCreateTCA.swift in Sources */,
				02B7019D269EEC4D00BA9937 /* WorksApp.swift in Sources */,
				02362F4B26A5685E0001AA10 /* NavigationLink+Store.swift in Sources */,
				0219581A269FEC1700AB4D22 /* SettingView.swift in Sources */,
				02F2EDF426A58054009ABF50 /* Reducer+Presents.swift in Sources */,
				0270060726A31A55004E68A1 /* SupplierListTCA.swift in Sources */,
				0219580F269FCDD200AB4D22 /* Hud.swift in Sources */,
				021E092D26ABFAAC000C6B8F /* InvoiceCell.swift in Sources */,
				02ADC86126AC3A57005A9D06 /* Downloader.swift in Sources */,
				0275874326C436A700213014 /* InvoiceHistoryListTCA.swift in Sources */,
				026E551726A4444D00295866 /* SupplierDetailTCA.swift in Sources */,
				021E092726ABF0E7000C6B8F /* Invoice.swift in Sources */,
				021FF95F269F38DA00FF55C1 /* TextFieldInput.swift in Sources */,
				0275874126C4368A00213014 /* InvoiceHistoryListView.swift in Sources */,
				026E551D26A444C900295866 /* SupplierEditTCA.swift in Sources */,
				02195817269FE0A000AB4D22 /* LocalStore.swift in Sources */,
				021FF95A269F2FB400FF55C1 /* SignInView.swift in Sources */,
				029A140626A33CD000ACC9FF /* Menu.swift in Sources */,
				02F2EDF026A57FF3009ABF50 /* Reducer+ReplaceNilState.swift in Sources */,
				02B701B7269EF0B300BA9937 /* RootTCA.swift in Sources */,
				020C5B6526A6813300CF8ABB /* PickerInput.swift in Sources */,
				0270061026A33722004E68A1 /* RefreshControl.swift in Sources */,
				0270060A26A31AB7004E68A1 /* SupplierListView.swift in Sources */,
				021FF95C269F31A200FF55C1 /* SignInTCA.swift in Sources */,
				0219581C269FEC8000AB4D22 /* SettingTCA.swift in Sources */,
				02362F4D26A568E00001AA10 /* ReplayNonNil.swift in Sources */,
				021FF961269F39CA00FF55C1 /* ActionButton.swift in Sources */,
				021FF969269F52FE00FF55C1 /* Error.swift in Sources */,
				0270060526A318EE004E68A1 /* Supplier.swift in Sources */,
				0270060126A310D1004E68A1 /* Me.swift in Sources */,
				026E551F26A4450E00295866 /* SupplierCreateView.swift in Sources */,
				021FF964269F45EF00FF55C1 /* PhoneNumber.swift in Sources */,
			);
			runOnlyForDeploymentPostprocessing = 0;
		};
/* End PBXSourcesBuildPhase section */

/* Begin XCBuildConfiguration section */
		02B701A6269EEC4F00BA9937 /* Debug */ = {
			isa = XCBuildConfiguration;
			buildSettings = {
				ALWAYS_SEARCH_USER_PATHS = NO;
				CLANG_ANALYZER_NONNULL = YES;
				CLANG_ANALYZER_NUMBER_OBJECT_CONVERSION = YES_AGGRESSIVE;
				CLANG_CXX_LANGUAGE_STANDARD = "gnu++14";
				CLANG_CXX_LIBRARY = "libc++";
				CLANG_ENABLE_MODULES = YES;
				CLANG_ENABLE_OBJC_ARC = YES;
				CLANG_ENABLE_OBJC_WEAK = YES;
				CLANG_WARN_BLOCK_CAPTURE_AUTORELEASING = YES;
				CLANG_WARN_BOOL_CONVERSION = YES;
				CLANG_WARN_COMMA = YES;
				CLANG_WARN_CONSTANT_CONVERSION = YES;
				CLANG_WARN_DEPRECATED_OBJC_IMPLEMENTATIONS = YES;
				CLANG_WARN_DIRECT_OBJC_ISA_USAGE = YES_ERROR;
				CLANG_WARN_DOCUMENTATION_COMMENTS = YES;
				CLANG_WARN_EMPTY_BODY = YES;
				CLANG_WARN_ENUM_CONVERSION = YES;
				CLANG_WARN_INFINITE_RECURSION = YES;
				CLANG_WARN_INT_CONVERSION = YES;
				CLANG_WARN_NON_LITERAL_NULL_CONVERSION = YES;
				CLANG_WARN_OBJC_IMPLICIT_RETAIN_SELF = YES;
				CLANG_WARN_OBJC_LITERAL_CONVERSION = YES;
				CLANG_WARN_OBJC_ROOT_CLASS = YES_ERROR;
				CLANG_WARN_QUOTED_INCLUDE_IN_FRAMEWORK_HEADER = YES;
				CLANG_WARN_RANGE_LOOP_ANALYSIS = YES;
				CLANG_WARN_STRICT_PROTOTYPES = YES;
				CLANG_WARN_SUSPICIOUS_MOVE = YES;
				CLANG_WARN_UNGUARDED_AVAILABILITY = YES_AGGRESSIVE;
				CLANG_WARN_UNREACHABLE_CODE = YES;
				CLANG_WARN__DUPLICATE_METHOD_MATCH = YES;
				COPY_PHASE_STRIP = NO;
				DEBUG_INFORMATION_FORMAT = dwarf;
				ENABLE_STRICT_OBJC_MSGSEND = YES;
				ENABLE_TESTABILITY = YES;
				GCC_C_LANGUAGE_STANDARD = gnu11;
				GCC_DYNAMIC_NO_PIC = NO;
				GCC_NO_COMMON_BLOCKS = YES;
				GCC_OPTIMIZATION_LEVEL = 0;
				GCC_PREPROCESSOR_DEFINITIONS = (
					"DEBUG=1",
					"$(inherited)",
				);
				GCC_WARN_64_TO_32_BIT_CONVERSION = YES;
				GCC_WARN_ABOUT_RETURN_TYPE = YES_ERROR;
				GCC_WARN_UNDECLARED_SELECTOR = YES;
				GCC_WARN_UNINITIALIZED_AUTOS = YES_AGGRESSIVE;
				GCC_WARN_UNUSED_FUNCTION = YES;
				GCC_WARN_UNUSED_VARIABLE = YES;
				IPHONEOS_DEPLOYMENT_TARGET = 14.5;
				MTL_ENABLE_DEBUG_INFO = INCLUDE_SOURCE;
				MTL_FAST_MATH = YES;
				ONLY_ACTIVE_ARCH = YES;
				SDKROOT = iphoneos;
				SWIFT_ACTIVE_COMPILATION_CONDITIONS = DEBUG;
				SWIFT_OPTIMIZATION_LEVEL = "-Onone";
			};
			name = Debug;
		};
		02B701A7269EEC4F00BA9937 /* Release */ = {
			isa = XCBuildConfiguration;
			buildSettings = {
				ALWAYS_SEARCH_USER_PATHS = NO;
				CLANG_ANALYZER_NONNULL = YES;
				CLANG_ANALYZER_NUMBER_OBJECT_CONVERSION = YES_AGGRESSIVE;
				CLANG_CXX_LANGUAGE_STANDARD = "gnu++14";
				CLANG_CXX_LIBRARY = "libc++";
				CLANG_ENABLE_MODULES = YES;
				CLANG_ENABLE_OBJC_ARC = YES;
				CLANG_ENABLE_OBJC_WEAK = YES;
				CLANG_WARN_BLOCK_CAPTURE_AUTORELEASING = YES;
				CLANG_WARN_BOOL_CONVERSION = YES;
				CLANG_WARN_COMMA = YES;
				CLANG_WARN_CONSTANT_CONVERSION = YES;
				CLANG_WARN_DEPRECATED_OBJC_IMPLEMENTATIONS = YES;
				CLANG_WARN_DIRECT_OBJC_ISA_USAGE = YES_ERROR;
				CLANG_WARN_DOCUMENTATION_COMMENTS = YES;
				CLANG_WARN_EMPTY_BODY = YES;
				CLANG_WARN_ENUM_CONVERSION = YES;
				CLANG_WARN_INFINITE_RECURSION = YES;
				CLANG_WARN_INT_CONVERSION = YES;
				CLANG_WARN_NON_LITERAL_NULL_CONVERSION = YES;
				CLANG_WARN_OBJC_IMPLICIT_RETAIN_SELF = YES;
				CLANG_WARN_OBJC_LITERAL_CONVERSION = YES;
				CLANG_WARN_OBJC_ROOT_CLASS = YES_ERROR;
				CLANG_WARN_QUOTED_INCLUDE_IN_FRAMEWORK_HEADER = YES;
				CLANG_WARN_RANGE_LOOP_ANALYSIS = YES;
				CLANG_WARN_STRICT_PROTOTYPES = YES;
				CLANG_WARN_SUSPICIOUS_MOVE = YES;
				CLANG_WARN_UNGUARDED_AVAILABILITY = YES_AGGRESSIVE;
				CLANG_WARN_UNREACHABLE_CODE = YES;
				CLANG_WARN__DUPLICATE_METHOD_MATCH = YES;
				COPY_PHASE_STRIP = NO;
				DEBUG_INFORMATION_FORMAT = "dwarf-with-dsym";
				ENABLE_NS_ASSERTIONS = NO;
				ENABLE_STRICT_OBJC_MSGSEND = YES;
				GCC_C_LANGUAGE_STANDARD = gnu11;
				GCC_NO_COMMON_BLOCKS = YES;
				GCC_WARN_64_TO_32_BIT_CONVERSION = YES;
				GCC_WARN_ABOUT_RETURN_TYPE = YES_ERROR;
				GCC_WARN_UNDECLARED_SELECTOR = YES;
				GCC_WARN_UNINITIALIZED_AUTOS = YES_AGGRESSIVE;
				GCC_WARN_UNUSED_FUNCTION = YES;
				GCC_WARN_UNUSED_VARIABLE = YES;
				IPHONEOS_DEPLOYMENT_TARGET = 14.5;
				MTL_ENABLE_DEBUG_INFO = NO;
				MTL_FAST_MATH = YES;
				SDKROOT = iphoneos;
				SWIFT_COMPILATION_MODE = wholemodule;
				SWIFT_OPTIMIZATION_LEVEL = "-O";
				VALIDATE_PRODUCT = YES;
			};
			name = Release;
		};
		02B701A9269EEC4F00BA9937 /* Debug */ = {
			isa = XCBuildConfiguration;
			buildSettings = {
				ASSETCATALOG_COMPILER_APPICON_NAME = AppIcon;
				ASSETCATALOG_COMPILER_GLOBAL_ACCENT_COLOR_NAME = AccentColor;
				CODE_SIGN_STYLE = Automatic;
				DEVELOPMENT_ASSET_PATHS = "\"Works/Preview Content\"";
				DEVELOPMENT_TEAM = 39KF2M8S75;
				ENABLE_PREVIEWS = YES;
				INFOPLIST_FILE = Works/Info.plist;
				IPHONEOS_DEPLOYMENT_TARGET = 14.0;
				LD_RUNPATH_SEARCH_PATHS = (
					"$(inherited)",
					"@executable_path/Frameworks",
				);
				PRODUCT_BUNDLE_IDENTIFIER = com.akiho.works;
				PRODUCT_NAME = "$(TARGET_NAME)";
				SWIFT_VERSION = 5.0;
				TARGETED_DEVICE_FAMILY = 1;
			};
			name = Debug;
		};
		02B701AA269EEC4F00BA9937 /* Release */ = {
			isa = XCBuildConfiguration;
			buildSettings = {
				ASSETCATALOG_COMPILER_APPICON_NAME = AppIcon;
				ASSETCATALOG_COMPILER_GLOBAL_ACCENT_COLOR_NAME = AccentColor;
				CODE_SIGN_STYLE = Automatic;
				DEVELOPMENT_ASSET_PATHS = "\"Works/Preview Content\"";
				DEVELOPMENT_TEAM = 39KF2M8S75;
				ENABLE_PREVIEWS = YES;
				INFOPLIST_FILE = Works/Info.plist;
				IPHONEOS_DEPLOYMENT_TARGET = 14.0;
				LD_RUNPATH_SEARCH_PATHS = (
					"$(inherited)",
					"@executable_path/Frameworks",
				);
				PRODUCT_BUNDLE_IDENTIFIER = com.akiho.works;
				PRODUCT_NAME = "$(TARGET_NAME)";
				SWIFT_VERSION = 5.0;
				TARGETED_DEVICE_FAMILY = 1;
			};
			name = Release;
		};
/* End XCBuildConfiguration section */

/* Begin XCConfigurationList section */
		02B70194269EEC4D00BA9937 /* Build configuration list for PBXProject "Works" */ = {
			isa = XCConfigurationList;
			buildConfigurations = (
				02B701A6269EEC4F00BA9937 /* Debug */,
				02B701A7269EEC4F00BA9937 /* Release */,
			);
			defaultConfigurationIsVisible = 0;
			defaultConfigurationName = Release;
		};
		02B701A8269EEC4F00BA9937 /* Build configuration list for PBXNativeTarget "Works" */ = {
			isa = XCConfigurationList;
			buildConfigurations = (
				02B701A9269EEC4F00BA9937 /* Debug */,
				02B701AA269EEC4F00BA9937 /* Release */,
			);
			defaultConfigurationIsVisible = 0;
			defaultConfigurationName = Release;
		};
/* End XCConfigurationList section */

/* Begin XCRemoteSwiftPackageReference section */
		02195810269FCE6000AB4D22 /* XCRemoteSwiftPackageReference "ActivityIndicatorView" */ = {
			isa = XCRemoteSwiftPackageReference;
			repositoryURL = "https://github.com/exyte/ActivityIndicatorView.git";
			requirement = {
				kind = upToNextMajorVersion;
				minimumVersion = 0.0.7;
			};
		};
		021FF955269F2F2700FF55C1 /* XCRemoteSwiftPackageReference "firebase-ios-sdk" */ = {
			isa = XCRemoteSwiftPackageReference;
			repositoryURL = "https://github.com/firebase/firebase-ios-sdk.git";
			requirement = {
				kind = upToNextMajorVersion;
				minimumVersion = 8.3.1;
			};
		};
		023FCEEF26A0786B00EFF51A /* XCRemoteSwiftPackageReference "apollo-ios" */ = {
			isa = XCRemoteSwiftPackageReference;
			repositoryURL = "https://github.com/apollographql/apollo-ios.git";
			requirement = {
				kind = upToNextMajorVersion;
				minimumVersion = 0.45.0;
			};
		};
		02B701AC269EEF5500BA9937 /* XCRemoteSwiftPackageReference "swift-composable-architecture" */ = {
			isa = XCRemoteSwiftPackageReference;
			repositoryURL = "https://github.com/pointfreeco/swift-composable-architecture.git";
			requirement = {
				kind = upToNextMajorVersion;
				minimumVersion = 0.21.0;
			};
		};
/* End XCRemoteSwiftPackageReference section */

/* Begin XCSwiftPackageProductDependency section */
		02195811269FCE6000AB4D22 /* ActivityIndicatorView */ = {
			isa = XCSwiftPackageProductDependency;
			package = 02195810269FCE6000AB4D22 /* XCRemoteSwiftPackageReference "ActivityIndicatorView" */;
			productName = ActivityIndicatorView;
		};
		021FF957269F2F6200FF55C1 /* FirebaseAuth */ = {
			isa = XCSwiftPackageProductDependency;
			package = 021FF955269F2F2700FF55C1 /* XCRemoteSwiftPackageReference "firebase-ios-sdk" */;
			productName = FirebaseAuth;
		};
		0241DC7C26A2EE9500AFA313 /* Apollo */ = {
			isa = XCSwiftPackageProductDependency;
			package = 023FCEEF26A0786B00EFF51A /* XCRemoteSwiftPackageReference "apollo-ios" */;
			productName = Apollo;
		};
		027005FE26A2FBCA004E68A1 /* ApolloAPI */ = {
			isa = XCSwiftPackageProductDependency;
			package = 023FCEEF26A0786B00EFF51A /* XCRemoteSwiftPackageReference "apollo-ios" */;
			productName = ApolloAPI;
		};
		02B701AD269EEF5500BA9937 /* ComposableArchitecture */ = {
			isa = XCSwiftPackageProductDependency;
			package = 02B701AC269EEF5500BA9937 /* XCRemoteSwiftPackageReference "swift-composable-architecture" */;
			productName = ComposableArchitecture;
		};
/* End XCSwiftPackageProductDependency section */
	};
	rootObject = 02B70191269EEC4D00BA9937 /* Project object */;
}
